// !$*UTF8*$!
{
	archiveVersion = 1;
	classes = {
	};
	objectVersion = 55;
	objects = {

/* Begin PBXBuildFile section */
		88072024289B1FD000E02FC7 /* ApolloGraphQLApp.swift in Sources */ = {isa = PBXBuildFile; fileRef = 88072023289B1FD000E02FC7 /* ApolloGraphQLApp.swift */; };
		88072026289B1FD000E02FC7 /* ContinentDetailsView.swift in Sources */ = {isa = PBXBuildFile; fileRef = 88072025289B1FD000E02FC7 /* ContinentDetailsView.swift */; };
		88072028289B1FD100E02FC7 /* Assets.xcassets in Resources */ = {isa = PBXBuildFile; fileRef = 88072027289B1FD100E02FC7 /* Assets.xcassets */; };
		8807202B289B1FD100E02FC7 /* Preview Assets.xcassets in Resources */ = {isa = PBXBuildFile; fileRef = 8807202A289B1FD100E02FC7 /* Preview Assets.xcassets */; };
		88072039289B2A0800E02FC7 /* Apollo in Frameworks */ = {isa = PBXBuildFile; productRef = 88072038289B2A0800E02FC7 /* Apollo */; };
		8807203B289B2ACA00E02FC7 /* schema.json in Resources */ = {isa = PBXBuildFile; fileRef = 8807203A289B2ACA00E02FC7 /* schema.json */; };
		8807203D289B2B2600E02FC7 /* SearchCountry.graphql in Resources */ = {isa = PBXBuildFile; fileRef = 8807203C289B2B2600E02FC7 /* SearchCountry.graphql */; };
		88072040289B2E9900E02FC7 /* API.swift in Sources */ = {isa = PBXBuildFile; fileRef = 8807203F289B2E9900E02FC7 /* API.swift */; };
		88072042289B2EBB00E02FC7 /* NetworkManager.swift in Sources */ = {isa = PBXBuildFile; fileRef = 88072041289B2EBB00E02FC7 /* NetworkManager.swift */; };
		88072044289B2FC100E02FC7 /* CountryContinentDataViewModel.swift in Sources */ = {isa = PBXBuildFile; fileRef = 88072043289B2FC100E02FC7 /* CountryContinentDataViewModel.swift */; };
		88473FC7289BDF170029978E /* ContinentListView.swift in Sources */ = {isa = PBXBuildFile; fileRef = 88473FC6289BDF170029978E /* ContinentListView.swift */; };
		88473FC9289BDF730029978E /* ContinentListViewModel.swift in Sources */ = {isa = PBXBuildFile; fileRef = 88473FC8289BDF730029978E /* ContinentListViewModel.swift */; };
		88473FD0289BF9E20029978E /* Constants.swift in Sources */ = {isa = PBXBuildFile; fileRef = 88473FCF289BF9E20029978E /* Constants.swift */; };
		88473FD4289C1A620029978E /* DetailsScreen.png in Resources */ = {isa = PBXBuildFile; fileRef = 88473FD2289C1A620029978E /* DetailsScreen.png */; };
		88473FD5289C1A620029978E /* ContinentsScreen.png in Resources */ = {isa = PBXBuildFile; fileRef = 88473FD3289C1A620029978E /* ContinentsScreen.png */; };
/* End PBXBuildFile section */

/* Begin PBXFileReference section */
		88072020289B1FD000E02FC7 /* ApolloGraphQL.app */ = {isa = PBXFileReference; explicitFileType = wrapper.application; includeInIndex = 0; path = ApolloGraphQL.app; sourceTree = BUILT_PRODUCTS_DIR; };
		88072023289B1FD000E02FC7 /* ApolloGraphQLApp.swift */ = {isa = PBXFileReference; lastKnownFileType = sourcecode.swift; path = ApolloGraphQLApp.swift; sourceTree = "<group>"; };
		88072025289B1FD000E02FC7 /* ContinentDetailsView.swift */ = {isa = PBXFileReference; lastKnownFileType = sourcecode.swift; path = ContinentDetailsView.swift; sourceTree = "<group>"; };
		88072027289B1FD100E02FC7 /* Assets.xcassets */ = {isa = PBXFileReference; lastKnownFileType = folder.assetcatalog; path = Assets.xcassets; sourceTree = "<group>"; };
		8807202A289B1FD100E02FC7 /* Preview Assets.xcassets */ = {isa = PBXFileReference; lastKnownFileType = folder.assetcatalog; path = "Preview Assets.xcassets"; sourceTree = "<group>"; };
		8807203A289B2ACA00E02FC7 /* schema.json */ = {isa = PBXFileReference; fileEncoding = 4; lastKnownFileType = text.json; path = schema.json; sourceTree = "<group>"; };
		8807203C289B2B2600E02FC7 /* SearchCountry.graphql */ = {isa = PBXFileReference; lastKnownFileType = text; path = SearchCountry.graphql; sourceTree = "<group>"; };
		8807203F289B2E9900E02FC7 /* API.swift */ = {isa = PBXFileReference; fileEncoding = 4; lastKnownFileType = sourcecode.swift; path = API.swift; sourceTree = "<group>"; };
		88072041289B2EBB00E02FC7 /* NetworkManager.swift */ = {isa = PBXFileReference; lastKnownFileType = sourcecode.swift; path = NetworkManager.swift; sourceTree = "<group>"; };
		88072043289B2FC100E02FC7 /* CountryContinentDataViewModel.swift */ = {isa = PBXFileReference; lastKnownFileType = sourcecode.swift; path = CountryContinentDataViewModel.swift; sourceTree = "<group>"; };
		88072045289B384300E02FC7 /* Info.plist */ = {isa = PBXFileReference; lastKnownFileType = text.plist; path = Info.plist; sourceTree = "<group>"; };
		88473FC6289BDF170029978E /* ContinentListView.swift */ = {isa = PBXFileReference; lastKnownFileType = sourcecode.swift; path = ContinentListView.swift; sourceTree = "<group>"; };
		88473FC8289BDF730029978E /* ContinentListViewModel.swift */ = {isa = PBXFileReference; lastKnownFileType = sourcecode.swift; path = ContinentListViewModel.swift; sourceTree = "<group>"; };
		88473FCF289BF9E20029978E /* Constants.swift */ = {isa = PBXFileReference; lastKnownFileType = sourcecode.swift; path = Constants.swift; sourceTree = "<group>"; };
		88473FD2289C1A620029978E /* DetailsScreen.png */ = {isa = PBXFileReference; lastKnownFileType = image.png; path = DetailsScreen.png; sourceTree = "<group>"; };
		88473FD3289C1A620029978E /* ContinentsScreen.png */ = {isa = PBXFileReference; lastKnownFileType = image.png; path = ContinentsScreen.png; sourceTree = "<group>"; };
/* End PBXFileReference section */

/* Begin PBXFrameworksBuildPhase section */
		8807201D289B1FD000E02FC7 /* Frameworks */ = {
			isa = PBXFrameworksBuildPhase;
			buildActionMask = 2147483647;
			files = (
				88072039289B2A0800E02FC7 /* Apollo in Frameworks */,
			);
			runOnlyForDeploymentPostprocessing = 0;
		};
/* End PBXFrameworksBuildPhase section */

/* Begin PBXGroup section */
		88072017289B1FD000E02FC7 = {
			isa = PBXGroup;
			children = (
				88473FD1289C1A340029978E /* Screenshots */,
				88072022289B1FD000E02FC7 /* ApolloGraphQL */,
				88072021289B1FD000E02FC7 /* Products */,
			);
			sourceTree = "<group>";
		};
		88072021289B1FD000E02FC7 /* Products */ = {
			isa = PBXGroup;
			children = (
				88072020289B1FD000E02FC7 /* ApolloGraphQL.app */,
			);
			name = Products;
			sourceTree = "<group>";
		};
		88072022289B1FD000E02FC7 /* ApolloGraphQL */ = {
			isa = PBXGroup;
			children = (
				8807203A289B2ACA00E02FC7 /* schema.json */,
				88473FCE289BF9D40029978E /* Constants */,
				88473FCD289BF9430029978E /* GraphQL Helper */,
				88473FCC289BF9330029978E /* Model */,
				88473FCB289BF91F0029978E /* Network */,
				88473FCA289BF9150029978E /* Views */,
				88072045289B384300E02FC7 /* Info.plist */,
				88072027289B1FD100E02FC7 /* Assets.xcassets */,
				88072029289B1FD100E02FC7 /* Preview Content */,
			);
			path = ApolloGraphQL;
			sourceTree = "<group>";
		};
		88072029289B1FD100E02FC7 /* Preview Content */ = {
			isa = PBXGroup;
			children = (
				8807202A289B1FD100E02FC7 /* Preview Assets.xcassets */,
			);
			path = "Preview Content";
			sourceTree = "<group>";
		};
		88473FCA289BF9150029978E /* Views */ = {
			isa = PBXGroup;
			children = (
				88473FC6289BDF170029978E /* ContinentListView.swift */,
				88072025289B1FD000E02FC7 /* ContinentDetailsView.swift */,
			);
			path = Views;
			sourceTree = "<group>";
		};
		88473FCB289BF91F0029978E /* Network */ = {
			isa = PBXGroup;
			children = (
				88072041289B2EBB00E02FC7 /* NetworkManager.swift */,
			);
			path = Network;
			sourceTree = "<group>";
		};
		88473FCC289BF9330029978E /* Model */ = {
			isa = PBXGroup;
			children = (
				88072043289B2FC100E02FC7 /* CountryContinentDataViewModel.swift */,
				88473FC8289BDF730029978E /* ContinentListViewModel.swift */,
			);
			path = Model;
			sourceTree = "<group>";
		};
		88473FCD289BF9430029978E /* GraphQL Helper */ = {
			isa = PBXGroup;
			children = (
				8807203F289B2E9900E02FC7 /* API.swift */,
				88072023289B1FD000E02FC7 /* ApolloGraphQLApp.swift */,
				8807203C289B2B2600E02FC7 /* SearchCountry.graphql */,
			);
			path = "GraphQL Helper";
			sourceTree = "<group>";
		};
		88473FCE289BF9D40029978E /* Constants */ = {
			isa = PBXGroup;
			children = (
				88473FCF289BF9E20029978E /* Constants.swift */,
			);
			path = Constants;
			sourceTree = "<group>";
		};
		88473FD1289C1A340029978E /* Screenshots */ = {
			isa = PBXGroup;
			children = (
				88473FD3289C1A620029978E /* ContinentsScreen.png */,
				88473FD2289C1A620029978E /* DetailsScreen.png */,
			);
			path = Screenshots;
			sourceTree = "<group>";
		};
/* End PBXGroup section */

/* Begin PBXNativeTarget section */
		8807201F289B1FD000E02FC7 /* ApolloGraphQL */ = {
			isa = PBXNativeTarget;
			buildConfigurationList = 8807202E289B1FD100E02FC7 /* Build configuration list for PBXNativeTarget "ApolloGraphQL" */;
			buildPhases = (
				8807203E289B2D7100E02FC7 /* Generate Apollo GraphQL API */,
				8807201C289B1FD000E02FC7 /* Sources */,
				8807201D289B1FD000E02FC7 /* Frameworks */,
				8807201E289B1FD000E02FC7 /* Resources */,
			);
			buildRules = (
			);
			dependencies = (
			);
			name = ApolloGraphQL;
			packageProductDependencies = (
				88072038289B2A0800E02FC7 /* Apollo */,
			);
			productName = ApolloGraphQL;
			productReference = 88072020289B1FD000E02FC7 /* ApolloGraphQL.app */;
			productType = "com.apple.product-type.application";
		};
/* End PBXNativeTarget section */

/* Begin PBXProject section */
		88072018289B1FD000E02FC7 /* Project object */ = {
			isa = PBXProject;
			attributes = {
				BuildIndependentTargetsInParallel = 1;
				LastSwiftUpdateCheck = 1330;
				LastUpgradeCheck = 1330;
				TargetAttributes = {
					8807201F289B1FD000E02FC7 = {
						CreatedOnToolsVersion = 13.3;
					};
				};
			};
			buildConfigurationList = 8807201B289B1FD000E02FC7 /* Build configuration list for PBXProject "ApolloGraphQL" */;
			compatibilityVersion = "Xcode 13.0";
			developmentRegion = en;
			hasScannedForEncodings = 0;
			knownRegions = (
				en,
				Base,
			);
			mainGroup = 88072017289B1FD000E02FC7;
			packageReferences = (
				88072037289B2A0800E02FC7 /* XCRemoteSwiftPackageReference "apollo-ios" */,
			);
			productRefGroup = 88072021289B1FD000E02FC7 /* Products */;
			projectDirPath = "";
			projectRoot = "";
			targets = (
				8807201F289B1FD000E02FC7 /* ApolloGraphQL */,
			);
		};
/* End PBXProject section */

/* Begin PBXResourcesBuildPhase section */
		8807201E289B1FD000E02FC7 /* Resources */ = {
			isa = PBXResourcesBuildPhase;
			buildActionMask = 2147483647;
			files = (
				88473FD5289C1A620029978E /* ContinentsScreen.png in Resources */,
				8807203D289B2B2600E02FC7 /* SearchCountry.graphql in Resources */,
				8807202B289B1FD100E02FC7 /* Preview Assets.xcassets in Resources */,
				8807203B289B2ACA00E02FC7 /* schema.json in Resources */,
				88072028289B1FD100E02FC7 /* Assets.xcassets in Resources */,
				88473FD4289C1A620029978E /* DetailsScreen.png in Resources */,
			);
			runOnlyForDeploymentPostprocessing = 0;
		};
/* End PBXResourcesBuildPhase section */

/* Begin PBXShellScriptBuildPhase section */
		8807203E289B2D7100E02FC7 /* Generate Apollo GraphQL API */ = {
			isa = PBXShellScriptBuildPhase;
			buildActionMask = 12;
			files = (
			);
			inputFileListPaths = (
			);
			inputPaths = (
			);
			name = "Generate Apollo GraphQL API";
			outputFileListPaths = (
			);
			outputPaths = (
			);
			runOnlyForDeploymentPostprocessing = 0;
			shellPath = /bin/sh;
			shellScript = "# Don't run this during index builds\nif [ $ACTION = \"indexbuild\" ]; then exit 0; fi\n\n# Go to the build root and search up the chain to find the Derived Data Path where the source packages are checked out.\nDERIVED_DATA_CANDIDATE=\"${BUILD_ROOT}\"\n\nwhile ! [ -d \"${DERIVED_DATA_CANDIDATE}/SourcePackages\" ]; do\n  if [ \"${DERIVED_DATA_CANDIDATE}\" = / ]; then\n    echo >&2 \"error: Unable to locate SourcePackages directory from BUILD_ROOT: '${BUILD_ROOT}'\"\n    exit 1\n  fi\n\n  DERIVED_DATA_CANDIDATE=\"$(dirname \"${DERIVED_DATA_CANDIDATE}\")\"\ndone\n\n# Grab a reference to the directory where scripts are checked out\nSCRIPT_PATH=\"${DERIVED_DATA_CANDIDATE}/SourcePackages/checkouts/apollo-ios/scripts\"\n\nif [ -z \"${SCRIPT_PATH}\" ]; then\n    echo >&2 \"error: Couldn't find the CLI script in your checked out SPM packages; make sure to add the framework to your project.\"\n    exit 1\nfi\n\ncd \"${SRCROOT}/${TARGET_NAME}\"\n\"${SCRIPT_PATH}\"/run-bundled-codegen.sh codegen:generate --target=swift --includes=./**/*.graphql --localSchemaFile=\"schema.json\" API.swift\n";
		};
/* End PBXShellScriptBuildPhase section */

/* Begin PBXSourcesBuildPhase section */
		8807201C289B1FD000E02FC7 /* Sources */ = {
			isa = PBXSourcesBuildPhase;
			buildActionMask = 2147483647;
			files = (
				88072042289B2EBB00E02FC7 /* NetworkManager.swift in Sources */,
				88473FC9289BDF730029978E /* ContinentListViewModel.swift in Sources */,
				88473FC7289BDF170029978E /* ContinentListView.swift in Sources */,
				88072026289B1FD000E02FC7 /* ContinentDetailsView.swift in Sources */,
				88072040289B2E9900E02FC7 /* API.swift in Sources */,
				88072024289B1FD000E02FC7 /* ApolloGraphQLApp.swift in Sources */,
				88072044289B2FC100E02FC7 /* CountryContinentDataViewModel.swift in Sources */,
				88473FD0289BF9E20029978E /* Constants.swift in Sources */,
			);
			runOnlyForDeploymentPostprocessing = 0;
		};
/* End PBXSourcesBuildPhase section */

/* Begin XCBuildConfiguration section */
		8807202C289B1FD100E02FC7 /* Debug */ = {
			isa = XCBuildConfiguration;
			buildSettings = {
				ALWAYS_SEARCH_USER_PATHS = NO;
				CLANG_ANALYZER_NONNULL = YES;
				CLANG_ANALYZER_NUMBER_OBJECT_CONVERSION = YES_AGGRESSIVE;
				CLANG_CXX_LANGUAGE_STANDARD = "gnu++17";
				CLANG_ENABLE_MODULES = YES;
				CLANG_ENABLE_OBJC_ARC = YES;
				CLANG_ENABLE_OBJC_WEAK = YES;
				CLANG_WARN_BLOCK_CAPTURE_AUTORELEASING = YES;
				CLANG_WARN_BOOL_CONVERSION = YES;
				CLANG_WARN_COMMA = YES;
				CLANG_WARN_CONSTANT_CONVERSION = YES;
				CLANG_WARN_DEPRECATED_OBJC_IMPLEMENTATIONS = YES;
				CLANG_WARN_DIRECT_OBJC_ISA_USAGE = YES_ERROR;
				CLANG_WARN_DOCUMENTATION_COMMENTS = YES;
				CLANG_WARN_EMPTY_BODY = YES;
				CLANG_WARN_ENUM_CONVERSION = YES;
				CLANG_WARN_INFINITE_RECURSION = YES;
				CLANG_WARN_INT_CONVERSION = YES;
				CLANG_WARN_NON_LITERAL_NULL_CONVERSION = YES;
				CLANG_WARN_OBJC_IMPLICIT_RETAIN_SELF = YES;
				CLANG_WARN_OBJC_LITERAL_CONVERSION = YES;
				CLANG_WARN_OBJC_ROOT_CLASS = YES_ERROR;
				CLANG_WARN_QUOTED_INCLUDE_IN_FRAMEWORK_HEADER = YES;
				CLANG_WARN_RANGE_LOOP_ANALYSIS = YES;
				CLANG_WARN_STRICT_PROTOTYPES = YES;
				CLANG_WARN_SUSPICIOUS_MOVE = YES;
				CLANG_WARN_UNGUARDED_AVAILABILITY = YES_AGGRESSIVE;
				CLANG_WARN_UNREACHABLE_CODE = YES;
				CLANG_WARN__DUPLICATE_METHOD_MATCH = YES;
				COPY_PHASE_STRIP = NO;
				DEBUG_INFORMATION_FORMAT = dwarf;
				ENABLE_STRICT_OBJC_MSGSEND = YES;
				ENABLE_TESTABILITY = YES;
				GCC_C_LANGUAGE_STANDARD = gnu11;
				GCC_DYNAMIC_NO_PIC = NO;
				GCC_NO_COMMON_BLOCKS = YES;
				GCC_OPTIMIZATION_LEVEL = 0;
				GCC_PREPROCESSOR_DEFINITIONS = (
					"DEBUG=1",
					"$(inherited)",
				);
				GCC_WARN_64_TO_32_BIT_CONVERSION = YES;
				GCC_WARN_ABOUT_RETURN_TYPE = YES_ERROR;
				GCC_WARN_UNDECLARED_SELECTOR = YES;
				GCC_WARN_UNINITIALIZED_AUTOS = YES_AGGRESSIVE;
				GCC_WARN_UNUSED_FUNCTION = YES;
				GCC_WARN_UNUSED_VARIABLE = YES;
				IPHONEOS_DEPLOYMENT_TARGET = 15.4;
				MTL_ENABLE_DEBUG_INFO = INCLUDE_SOURCE;
				MTL_FAST_MATH = YES;
				ONLY_ACTIVE_ARCH = YES;
				SDKROOT = iphoneos;
				SWIFT_ACTIVE_COMPILATION_CONDITIONS = DEBUG;
				SWIFT_OPTIMIZATION_LEVEL = "-Onone";
			};
			name = Debug;
		};
		8807202D289B1FD100E02FC7 /* Release */ = {
			isa = XCBuildConfiguration;
			buildSettings = {
				ALWAYS_SEARCH_USER_PATHS = NO;
				CLANG_ANALYZER_NONNULL = YES;
				CLANG_ANALYZER_NUMBER_OBJECT_CONVERSION = YES_AGGRESSIVE;
				CLANG_CXX_LANGUAGE_STANDARD = "gnu++17";
				CLANG_ENABLE_MODULES = YES;
				CLANG_ENABLE_OBJC_ARC = YES;
				CLANG_ENABLE_OBJC_WEAK = YES;
				CLANG_WARN_BLOCK_CAPTURE_AUTORELEASING = YES;
				CLANG_WARN_BOOL_CONVERSION = YES;
				CLANG_WARN_COMMA = YES;
				CLANG_WARN_CONSTANT_CONVERSION = YES;
				CLANG_WARN_DEPRECATED_OBJC_IMPLEMENTATIONS = YES;
				CLANG_WARN_DIRECT_OBJC_ISA_USAGE = YES_ERROR;
				CLANG_WARN_DOCUMENTATION_COMMENTS = YES;
				CLANG_WARN_EMPTY_BODY = YES;
				CLANG_WARN_ENUM_CONVERSION = YES;
				CLANG_WARN_INFINITE_RECURSION = YES;
				CLANG_WARN_INT_CONVERSION = YES;
				CLANG_WARN_NON_LITERAL_NULL_CONVERSION = YES;
				CLANG_WARN_OBJC_IMPLICIT_RETAIN_SELF = YES;
				CLANG_WARN_OBJC_LITERAL_CONVERSION = YES;
				CLANG_WARN_OBJC_ROOT_CLASS = YES_ERROR;
				CLANG_WARN_QUOTED_INCLUDE_IN_FRAMEWORK_HEADER = YES;
				CLANG_WARN_RANGE_LOOP_ANALYSIS = YES;
				CLANG_WARN_STRICT_PROTOTYPES = YES;
				CLANG_WARN_SUSPICIOUS_MOVE = YES;
				CLANG_WARN_UNGUARDED_AVAILABILITY = YES_AGGRESSIVE;
				CLANG_WARN_UNREACHABLE_CODE = YES;
				CLANG_WARN__DUPLICATE_METHOD_MATCH = YES;
				COPY_PHASE_STRIP = NO;
				DEBUG_INFORMATION_FORMAT = "dwarf-with-dsym";
				ENABLE_NS_ASSERTIONS = NO;
				ENABLE_STRICT_OBJC_MSGSEND = YES;
				GCC_C_LANGUAGE_STANDARD = gnu11;
				GCC_NO_COMMON_BLOCKS = YES;
				GCC_WARN_64_TO_32_BIT_CONVERSION = YES;
				GCC_WARN_ABOUT_RETURN_TYPE = YES_ERROR;
				GCC_WARN_UNDECLARED_SELECTOR = YES;
				GCC_WARN_UNINITIALIZED_AUTOS = YES_AGGRESSIVE;
				GCC_WARN_UNUSED_FUNCTION = YES;
				GCC_WARN_UNUSED_VARIABLE = YES;
				IPHONEOS_DEPLOYMENT_TARGET = 15.4;
				MTL_ENABLE_DEBUG_INFO = NO;
				MTL_FAST_MATH = YES;
				SDKROOT = iphoneos;
				SWIFT_COMPILATION_MODE = wholemodule;
				SWIFT_OPTIMIZATION_LEVEL = "-O";
				VALIDATE_PRODUCT = YES;
			};
			name = Release;
		};
		8807202F289B1FD100E02FC7 /* Debug */ = {
			isa = XCBuildConfiguration;
			buildSettings = {
				ASSETCATALOG_COMPILER_APPICON_NAME = AppIcon;
				ASSETCATALOG_COMPILER_GLOBAL_ACCENT_COLOR_NAME = AccentColor;
				CODE_SIGN_STYLE = Automatic;
				CURRENT_PROJECT_VERSION = 1;
				DEVELOPMENT_ASSET_PATHS = "\"ApolloGraphQL/Preview Content\"";
				DEVELOPMENT_TEAM = 2ZNF4H4989;
				ENABLE_PREVIEWS = YES;
				GENERATE_INFOPLIST_FILE = YES;
				INFOPLIST_FILE = ApolloGraphQL/Info.plist;
				INFOPLIST_KEY_UIApplicationSceneManifest_Generation = YES;
				INFOPLIST_KEY_UIApplicationSupportsIndirectInputEvents = YES;
				INFOPLIST_KEY_UILaunchScreen_Generation = YES;
				INFOPLIST_KEY_UISupportedInterfaceOrientations_iPad = "UIInterfaceOrientationPortrait UIInterfaceOrientationPortraitUpsideDown UIInterfaceOrientationLandscapeLeft UIInterfaceOrientationLandscapeRight";
				INFOPLIST_KEY_UISupportedInterfaceOrientations_iPhone = "UIInterfaceOrientationPortrait UIInterfaceOrientationLandscapeLeft UIInterfaceOrientationLandscapeRight";
				LD_RUNPATH_SEARCH_PATHS = (
					"$(inherited)",
					"@executable_path/Frameworks",
				);
				MARKETING_VERSION = 1.0;
				PRODUCT_BUNDLE_IDENTIFIER = com.sandbox.ApolloGraphQL;
				PRODUCT_NAME = "$(TARGET_NAME)";
				SWIFT_EMIT_LOC_STRINGS = YES;
				SWIFT_VERSION = 5.0;
				TARGETED_DEVICE_FAMILY = "1,2";
			};
			name = Debug;
		};
		88072030289B1FD100E02FC7 /* Release */ = {
			isa = XCBuildConfiguration;
			buildSettings = {
				ASSETCATALOG_COMPILER_APPICON_NAME = AppIcon;
				ASSETCATALOG_COMPILER_GLOBAL_ACCENT_COLOR_NAME = AccentColor;
				CODE_SIGN_STYLE = Automatic;
				CURRENT_PROJECT_VERSION = 1;
				DEVELOPMENT_ASSET_PATHS = "\"ApolloGraphQL/Preview Content\"";
				DEVELOPMENT_TEAM = 2ZNF4H4989;
				ENABLE_PREVIEWS = YES;
				GENERATE_INFOPLIST_FILE = YES;
				INFOPLIST_FILE = ApolloGraphQL/Info.plist;
				INFOPLIST_KEY_UIApplicationSceneManifest_Generation = YES;
				INFOPLIST_KEY_UIApplicationSupportsIndirectInputEvents = YES;
				INFOPLIST_KEY_UILaunchScreen_Generation = YES;
				INFOPLIST_KEY_UISupportedInterfaceOrientations_iPad = "UIInterfaceOrientationPortrait UIInterfaceOrientationPortraitUpsideDown UIInterfaceOrientationLandscapeLeft UIInterfaceOrientationLandscapeRight";
				INFOPLIST_KEY_UISupportedInterfaceOrientations_iPhone = "UIInterfaceOrientationPortrait UIInterfaceOrientationLandscapeLeft UIInterfaceOrientationLandscapeRight";
				LD_RUNPATH_SEARCH_PATHS = (
					"$(inherited)",
					"@executable_path/Frameworks",
				);
				MARKETING_VERSION = 1.0;
				PRODUCT_BUNDLE_IDENTIFIER = com.sandbox.ApolloGraphQL;
				PRODUCT_NAME = "$(TARGET_NAME)";
				SWIFT_EMIT_LOC_STRINGS = YES;
				SWIFT_VERSION = 5.0;
				TARGETED_DEVICE_FAMILY = "1,2";
			};
			name = Release;
		};
/* End XCBuildConfiguration section */

/* Begin XCConfigurationList section */
		8807201B289B1FD000E02FC7 /* Build configuration list for PBXProject "ApolloGraphQL" */ = {
			isa = XCConfigurationList;
			buildConfigurations = (
				8807202C289B1FD100E02FC7 /* Debug */,
				8807202D289B1FD100E02FC7 /* Release */,
			);
			defaultConfigurationIsVisible = 0;
			defaultConfigurationName = Release;
		};
		8807202E289B1FD100E02FC7 /* Build configuration list for PBXNativeTarget "ApolloGraphQL" */ = {
			isa = XCConfigurationList;
			buildConfigurations = (
				8807202F289B1FD100E02FC7 /* Debug */,
				88072030289B1FD100E02FC7 /* Release */,
			);
			defaultConfigurationIsVisible = 0;
			defaultConfigurationName = Release;
		};
/* End XCConfigurationList section */

/* Begin XCRemoteSwiftPackageReference section */
		88072037289B2A0800E02FC7 /* XCRemoteSwiftPackageReference "apollo-ios" */ = {
			isa = XCRemoteSwiftPackageReference;
			repositoryURL = "https://github.com/apollographql/apollo-ios.git";
			requirement = {
				kind = upToNextMajorVersion;
				minimumVersion = 0.9.5;
			};
		};
/* End XCRemoteSwiftPackageReference section */

/* Begin XCSwiftPackageProductDependency section */
		88072038289B2A0800E02FC7 /* Apollo */ = {
			isa = XCSwiftPackageProductDependency;
			package = 88072037289B2A0800E02FC7 /* XCRemoteSwiftPackageReference "apollo-ios" */;
			productName = Apollo;
		};
/* End XCSwiftPackageProductDependency section */
	};
	rootObject = 88072018289B1FD000E02FC7 /* Project object */;
}
